
Microsoft Visual Studio Solution File, Format Version 12.00
# Visual Studio 2013
VisualStudioVersion = 12.0.40629.0
MinimumVisualStudioVersion = 10.0.40219.1
Project("{FAE04EC0-301F-11D3-BF4B-00C04F79EFBC}") = "WPFTester", "WPFTester\WPFTester.csproj", "{067F2A08-C919-4760-9409-4FDE41114EFE}"
EndProject
Project("{FAE04EC0-301F-11D3-BF4B-00C04F79EFBC}") = "ConsoleTester", "ConsoleTester\ConsoleTester.csproj", "{9DE9842B-033E-46C8-99D4-05B837842C19}"
EndProject
Project("{FAE04EC0-301F-11D3-BF4B-00C04F79EFBC}") = "BitmapHandler", "BitmapHandler\BitmapHandler.csproj", "{8BB973C1-D2CB-4B3D-B545-678C1B40E006}"
EndProject
Project("{FAE04EC0-301F-11D3-BF4B-00C04F79EFBC}") = "SecurityVerifyModule", "SecurityVerifyModule\SecurityVerifyModule.csproj", "{B874260C-53C5-4206-A1EC-2643A46E3720}"
EndProject
Project("{FAE04EC0-301F-11D3-BF4B-00C04F79EFBC}") = "DBUtil", "DBUtil\DBUtil.csproj", "{ECE15E0D-AEC3-42D5-95B4-C14709329626}"
EndProject
Project("{FAE04EC0-301F-11D3-BF4B-00C04F79EFBC}") = "OfficeTools", "OfficeTools\OfficeTools.csproj", "{3621F584-BFE7-4E34-A634-6E124EB4D069}"
EndProject
Project("{FAE04EC0-301F-11D3-BF4B-00C04F79EFBC}") = "Checksumor", "Checksumor\Checksumor.csproj", "{AF04678F-2578-4B89-9238-9C872813D651}"
EndProject
Project("{FAE04EC0-301F-11D3-BF4B-00C04F79EFBC}") = "TinyTools", "TinyTools\TinyTools.csproj", "{8ACFCEFC-29D0-45D2-AF0E-2DCBD490CE19}"
EndProject
Global
	GlobalSection(SolutionConfigurationPlatforms) = preSolution
		Debug|Any CPU = Debug|Any CPU
		Release|Any CPU = Release|Any CPU
	EndGlobalSection
	GlobalSection(ProjectConfigurationPlatforms) = postSolution
		{067F2A08-C919-4760-9409-4FDE41114EFE}.Debug|Any CPU.ActiveCfg = Debug|Any CPU
		{067F2A08-C919-4760-9409-4FDE41114EFE}.Debug|Any CPU.Build.0 = Debug|Any CPU
		{067F2A08-C919-4760-9409-4FDE41114EFE}.Release|Any CPU.ActiveCfg = Release|Any CPU
		{067F2A08-C919-4760-9409-4FDE41114EFE}.Release|Any CPU.Build.0 = Release|Any CPU
		{9DE9842B-033E-46C8-99D4-05B837842C19}.Debug|Any CPU.ActiveCfg = Debug|Any CPU
		{9DE9842B-033E-46C8-99D4-05B837842C19}.Debug|Any CPU.Build.0 = Debug|Any CPU
		{9DE9842B-033E-46C8-99D4-05B837842C19}.Release|Any CPU.ActiveCfg = Release|Any CPU
		{9DE9842B-033E-46C8-99D4-05B837842C19}.Release|Any CPU.Build.0 = Release|Any CPU
		{8BB973C1-D2CB-4B3D-B545-678C1B40E006}.Debug|Any CPU.ActiveCfg = Debug|Any CPU
		{8BB973C1-D2CB-4B3D-B545-678C1B40E006}.Debug|Any CPU.Build.0 = Debug|Any CPU
		{8BB973C1-D2CB-4B3D-B545-678C1B40E006}.Release|Any CPU.ActiveCfg = Release|Any CPU
		{8BB973C1-D2CB-4B3D-B545-678C1B40E006}.Release|Any CPU.Build.0 = Release|Any CPU
		{B874260C-53C5-4206-A1EC-2643A46E3720}.Debug|Any CPU.ActiveCfg = Debug|Any CPU
		{B874260C-53C5-4206-A1EC-2643A46E3720}.Debug|Any CPU.Build.0 = Debug|Any CPU
		{B874260C-53C5-4206-A1EC-2643A46E3720}.Release|Any CPU.ActiveCfg = Release|Any CPU
		{B874260C-53C5-4206-A1EC-2643A46E3720}.Release|Any CPU.Build.0 = Release|Any CPU
		{ECE15E0D-AEC3-42D5-95B4-C14709329626}.Debug|Any CPU.ActiveCfg = Debug|Any CPU
		{ECE15E0D-AEC3-42D5-95B4-C14709329626}.Debug|Any CPU.Build.0 = Debug|Any CPU
		{ECE15E0D-AEC3-42D5-95B4-C14709329626}.Release|Any CPU.ActiveCfg = Release|Any CPU
		{ECE15E0D-AEC3-42D5-95B4-C14709329626}.Release|Any CPU.Build.0 = Release|Any CPU
		{3621F584-BFE7-4E34-A634-6E124EB4D069}.Debug|Any CPU.ActiveCfg = Debug|Any CPU
		{3621F584-BFE7-4E34-A634-6E124EB4D069}.Debug|Any CPU.Build.0 = Debug|Any CPU
		{3621F584-BFE7-4E34-A634-6E124EB4D069}.Release|Any CPU.ActiveCfg = Release|Any CPU
		{3621F584-BFE7-4E34-A634-6E124EB4D069}.Release|Any CPU.Build.0 = Release|Any CPU
		{AF04678F-2578-4B89-9238-9C872813D651}.Debug|Any CPU.ActiveCfg = Debug|Any CPU
		{AF04678F-2578-4B89-9238-9C872813D651}.Debug|Any CPU.Build.0 = Debug|Any CPU
		{AF04678F-2578-4B89-9238-9C872813D651}.Release|Any CPU.ActiveCfg = Release|Any CPU
		{AF04678F-2578-4B89-9238-9C872813D651}.Release|Any CPU.Build.0 = Release|Any CPU
		{8ACFCEFC-29D0-45D2-AF0E-2DCBD490CE19}.Debug|Any CPU.ActiveCfg = Debug|Any CPU
		{8ACFCEFC-29D0-45D2-AF0E-2DCBD490CE19}.Debug|Any CPU.Build.0 = Debug|Any CPU
		{8ACFCEFC-29D0-45D2-AF0E-2DCBD490CE19}.Release|Any CPU.ActiveCfg = Release|Any CPU
		{8ACFCEFC-29D0-45D2-AF0E-2DCBD490CE19}.Release|Any CPU.Build.0 = Release|Any CPU
	EndGlobalSection
	GlobalSection(SolutionProperties) = preSolution
		HideSolutionNode = FALSE
	EndGlobalSection
EndGlobal
